PODS:
  - CollectionKit (2.2.0):
    - CollectionKit/Core (= 2.2.0)
  - CollectionKit/Core (2.2.0)
  - Hero (1.3.1)

DEPENDENCIES:
  - CollectionKit
  - Hero

SPEC REPOS:
  https://github.com/cocoapods/specs.git:
    - CollectionKit
    - Hero

SPEC CHECKSUMS:
  CollectionKit: 5caa5341860d4c9b748ebfeaab97530b2d02c7c0
  Hero: 1c3c625ba05856f305d29f5c270f8766c5ff2df7

PODFILE CHECKSUM: 86e71ad706d4e2005ea3e0f77cb3b9a8d5ab07da

COCOAPODS: 1.5.3
